<?xml version="1.0" encoding="utf-8"?>
<Project ToolsVersion="4.0" xmlns="http://schemas.microsoft.com/developer/msbuild/2003">
  <ItemGroup>
    <Filter Include="Файлы исходного кода">
      <UniqueIdentifier>{4FC737F1-C7A5-4376-A066-2A32D752A2FF}</UniqueIdentifier>
      <Extensions>cpp;c;cc;cxx;def;odl;idl;hpj;bat;asm;asmx</Extensions>
    </Filter>
    <Filter Include="Заголовочные файлы">
      <UniqueIdentifier>{93995380-89BD-4b04-88EB-625FBE52EBFB}</UniqueIdentifier>
      <Extensions>h;hh;hpp;hxx;hm;inl;inc;xsd</Extensions>
    </Filter>
    <Filter Include="Файлы ресурсов">
      <UniqueIdentifier>{67DA6AB6-F800-4c08-8B7A-83BB121AAD01}</UniqueIdentifier>
      <Extensions>rc;ico;cur;bmp;dlg;rc2;rct;bin;rgs;gif;jpg;jpeg;jpe;resx;tiff;tif;png;wav;mfcribbon-ms</Extensions>
    </Filter>
    <Filter Include="Заголовочные файлы\objects">
      <UniqueIdentifier>{acc9ffb1-f8ff-499f-a4c7-039cd49af16c}</UniqueIdentifier>
    </Filter>
    <Filter Include="Заголовочные файлы\global variables">
      <UniqueIdentifier>{a594556d-28bb-4231-8b28-dcea6fe13b7a}</UniqueIdentifier>
    </Filter>
    <Filter Include="Файлы исходного кода\field">
      <UniqueIdentifier>{c5fa210c-9942-4915-82da-822fa10eccb4}</UniqueIdentifier>
    </Filter>
    <Filter Include="Файлы исходного кода\collision">
      <UniqueIdentifier>{f271161d-9b0a-4361-b420-b3e20893d368}</UniqueIdentifier>
    </Filter>
  </ItemGroup>
  <ItemGroup>
    <ClCompile Include="source.cpp">
      <Filter>Файлы исходного кода</Filter>
    </ClCompile>
    <ClCompile Include="events.cpp">
      <Filter>Файлы исходного кода</Filter>
    </ClCompile>
    <ClCompile Include="game_system.cpp">
      <Filter>Файлы исходного кода</Filter>
    </ClCompile>
    <ClCompile Include="game_main.cpp">
      <Filter>Файлы исходного кода</Filter>
    </ClCompile>
    <ClCompile Include="field.cpp">
      <Filter>Файлы исходного кода</Filter>
    </ClCompile>
    <ClCompile Include="general.cpp">
      <Filter>Файлы исходного кода</Filter>
    </ClCompile>
    <ClCompile Include="hit_brick.cpp">
      <Filter>Файлы исходного кода</Filter>
    </ClCompile>
    <ClCompile Include="tile_map.cpp">
      <Filter>Файлы исходного кода</Filter>
    </ClCompile>
    <ClCompile Include="part_bricks_map.cpp">
      <Filter>Файлы исходного кода</Filter>
    </ClCompile>
    <ClCompile Include="field_draw.cpp">
      <Filter>Файлы исходного кода\field</Filter>
    </ClCompile>
    <ClCompile Include="field_tank_funcs.cpp">
      <Filter>Файлы исходного кода\field</Filter>
    </ClCompile>
    <ClCompile Include="field_map_funcs.cpp">
      <Filter>Файлы исходного кода\field</Filter>
    </ClCompile>
    <ClCompile Include="field_bullet_funcs.cpp">
      <Filter>Файлы исходного кода\field</Filter>
    </ClCompile>
    <ClCompile Include="field_shooting_bullets.cpp">
      <Filter>Файлы исходного кода\field</Filter>
    </ClCompile>
    <ClCompile Include="field_actor_funcs.cpp">
      <Filter>Файлы исходного кода\field</Filter>
    </ClCompile>
    <ClCompile Include="collision.cpp">
      <Filter>Файлы исходного кода\collision</Filter>
    </ClCompile>
    <ClCompile Include="monitoring_collision.cpp">
      <Filter>Файлы исходного кода\collision</Filter>
    </ClCompile>
    <ClCompile Include="monitoring_anim.cpp">
      <Filter>Файлы исходного кода</Filter>
    </ClCompile>
  </ItemGroup>
  <ItemGroup>
    <ClInclude Include="game.h">
      <Filter>Заголовочные файлы</Filter>
    </ClInclude>
    <ClInclude Include="events.h">
      <Filter>Заголовочные файлы</Filter>
    </ClInclude>
    <ClInclude Include="object.hpp">
      <Filter>Заголовочные файлы\objects</Filter>
    </ClInclude>
    <ClInclude Include="tank.hpp">
      <Filter>Заголовочные файлы\objects</Filter>
    </ClInclude>
    <ClInclude Include="field.h">
      <Filter>Заголовочные файлы</Filter>
    </ClInclude>
    <ClInclude Include="map.h">
      <Filter>Заголовочные файлы</Filter>
    </ClInclude>
    <ClInclude Include="general.hpp">
      <Filter>Заголовочные файлы\global variables</Filter>
    </ClInclude>
    <ClInclude Include="block.hpp">
      <Filter>Заголовочные файлы\objects</Filter>
    </ClInclude>
    <ClInclude Include="frame.hpp">
      <Filter>Заголовочные файлы\objects</Filter>
    </ClInclude>
    <ClInclude Include="tile_map.h">
      <Filter>Заголовочные файлы</Filter>
    </ClInclude>
    <ClInclude Include="part_bricks_map.h">
      <Filter>Заголовочные файлы</Filter>
    </ClInclude>
    <ClInclude Include="bullet.hpp">
      <Filter>Заголовочные файлы\objects</Filter>
    </ClInclude>
    <ClInclude Include="actor.hpp">
      <Filter>Заголовочные файлы\objects</Filter>
    </ClInclude>
    <ClInclude Include="animation.h">
      <Filter>Заголовочные файлы</Filter>
    </ClInclude>
    <ClInclude Include="animation_game.h">
      <Filter>Заголовочные файлы</Filter>
    </ClInclude>
  </ItemGroup>
</Project>